
Microsoft Visual Studio Solution File, Format Version 12.00
# Visual Studio Version 17
VisualStudioVersion = 17.5.33424.131
MinimumVisualStudioVersion = 10.0.40219.1
Project("{FAE04EC0-301F-11D3-BF4B-00C04F79EFBC}") = "ExceptionInDotNet", "ExceptionInDotNet.csproj", "{5E50DBC4-34E1-4EAD-9D40-C6D173551CE7}"
EndProject
Project("{FAE04EC0-301F-11D3-BF4B-00C04F79EFBC}") = "Logger1", "..\Logger1\Logger1.csproj", "{6DAFF53A-EF0A-4BF0-8954-6AA58DD92342}"
EndProject
Global
	GlobalSection(SolutionConfigurationPlatforms) = preSolution
		Debug|Any CPU = Debug|Any CPU
		Release|Any CPU = Release|Any CPU
	EndGlobalSection
	GlobalSection(ProjectConfigurationPlatforms) = postSolution
		{5E50DBC4-34E1-4EAD-9D40-C6D173551CE7}.Debug|Any CPU.ActiveCfg = Debug|Any CPU
		{5E50DBC4-34E1-4EAD-9D40-C6D173551CE7}.Debug|Any CPU.Build.0 = Debug|Any CPU
		{5E50DBC4-34E1-4EAD-9D40-C6D173551CE7}.Release|Any CPU.ActiveCfg = Release|Any CPU
		{5E50DBC4-34E1-4EAD-9D40-C6D173551CE7}.Release|Any CPU.Build.0 = Release|Any CPU
		{6DAFF53A-EF0A-4BF0-8954-6AA58DD92342}.Debug|Any CPU.ActiveCfg = Debug|Any CPU
		{6DAFF53A-EF0A-4BF0-8954-6AA58DD92342}.Debug|Any CPU.Build.0 = Debug|Any CPU
		{6DAFF53A-EF0A-4BF0-8954-6AA58DD92342}.Release|Any CPU.ActiveCfg = Release|Any CPU
		{6DAFF53A-EF0A-4BF0-8954-6AA58DD92342}.Release|Any CPU.Build.0 = Release|Any CPU
	EndGlobalSection
	GlobalSection(SolutionProperties) = preSolution
		HideSolutionNode = FALSE
	EndGlobalSection
	GlobalSection(ExtensibilityGlobals) = postSolution
		SolutionGuid = {C28A657A-9ACA-48F1-A540-BC2BAF4796B1}
	EndGlobalSection
EndGlobal
